<?xml version="1.0" encoding="UTF-8"?>
<Scheme
   LastUpgradeVersion = "1220"
   version = "1.3">
   <BuildAction
      parallelizeBuildables = "YES"
      buildImplicitDependencies = "YES">
      <BuildActionEntries>
         <BuildActionEntry
            buildForTesting = "YES"
            buildForRunning = "YES"
            buildForProfiling = "YES"
            buildForArchiving = "YES"
            buildForAnalyzing = "YES">
            <BuildableReference
               BuildableIdentifier = "primary"
               BlueprintIdentifier = "38D392662582C55300FCAF70"
               BuildableName = "HackrNews.framework"
               BlueprintName = "HackrNews"
               ReferencedContainer = "container:HackrNews.xcodeproj">
            </BuildableReference>
         </BuildActionEntry>
      </BuildActionEntries>
   </BuildAction>
   <TestAction
      buildConfiguration = "Debug"
      selectedDebuggerIdentifier = "Xcode.DebuggerFoundation.Debugger.LLDB"
      selectedLauncherIdentifier = "Xcode.DebuggerFoundation.Launcher.LLDB"
      shouldUseLaunchSchemeArgsEnv = "YES"
      codeCoverageEnabled = "YES"
      onlyGenerateCoverageForSpecifiedTargets = "YES">
      <CodeCoverageTargets>
         <BuildableReference
            BuildableIdentifier = "primary"
            BlueprintIdentifier = "38D392662582C55300FCAF70"
            BuildableName = "HackrNews.framework"
            BlueprintName = "HackrNews"
            ReferencedContainer = "container:HackrNews.xcodeproj">
         </BuildableReference>
         <BuildableReference
            BuildableIdentifier = "primary"
            BlueprintIdentifier = "386551A225868EF1002054AA"
            BuildableName = "HackrNewsiOS.framework"
            BlueprintName = "HackrNewsiOS"
            ReferencedContainer = "container:HackrNews.xcodeproj">
         </BuildableReference>
         <BuildableReference
            BuildableIdentifier = "primary"
            BlueprintIdentifier = "38F68074259033C8002ED53A"
            BuildableName = "HackrNewsApp.app"
            BlueprintName = "HackrNewsApp"
            ReferencedContainer = "container:HackrNewsApp/HackrNewsApp.xcodeproj">
         </BuildableReference>
      </CodeCoverageTargets>
      <Testables>
         <TestableReference
            skipped = "NO"
            testExecutionOrdering = "random">
            <BuildableReference
               BuildableIdentifier = "primary"
               BlueprintIdentifier = "38D3926F2582C55300FCAF70"
               BuildableName = "HackrNewsTests.xctest"
               BlueprintName = "HackrNewsTests"
               ReferencedContainer = "container:HackrNews.xcodeproj">
            </BuildableReference>
         </TestableReference>
         <TestableReference
            skipped = "NO"
            testExecutionOrdering = "random">
            <BuildableReference
               BuildableIdentifier = "primary"
               BlueprintIdentifier = "386551AA25868EF2002054AA"
               BuildableName = "HackrNewsiOSTests.xctest"
               BlueprintName = "HackrNewsiOSTests"
               ReferencedContainer = "container:HackrNews.xcodeproj">
            </BuildableReference>
         </TestableReference>
         <TestableReference
            skipped = "NO"
            testExecutionOrdering = "random">
            <BuildableReference
               BuildableIdentifier = "primary"
               BlueprintIdentifier = "38F6808A259033C9002ED53A"
               BuildableName = "HackrNewsAppTests.xctest"
               BlueprintName = "HackrNewsAppTests"
               ReferencedContainer = "container:HackrNewsApp/HackrNewsApp.xcodeproj">
            </BuildableReference>
         </TestableReference>
         <TestableReference
            skipped = "NO"
            testExecutionOrdering = "random">
            <BuildableReference
               BuildableIdentifier = "primary"
               BlueprintIdentifier = "385810AB2593F2B300126F50"
               BuildableName = "HackrNewsAppUIAcceptanceTests.xctest"
               BlueprintName = "HackrNewsAppUIAcceptanceTests"
               ReferencedContainer = "container:HackrNewsApp/HackrNewsApp.xcodeproj">
            </BuildableReference>
         </TestableReference>
      </Testables>
   </TestAction>
   <LaunchAction
      buildConfiguration = "Debug"
      selectedDebuggerIdentifier = "Xcode.DebuggerFoundation.Debugger.LLDB"
      selectedLauncherIdentifier = "Xcode.DebuggerFoundation.Launcher.LLDB"
      launchStyle = "0"
      useCustomWorkingDirectory = "NO"
      ignoresPersistentStateOnLaunch = "NO"
      debugDocumentVersioning = "YES"
      debugServiceExtension = "internal"
      allowLocationSimulation = "YES">
   </LaunchAction>
   <ProfileAction
      buildConfiguration = "Release"
      shouldUseLaunchSchemeArgsEnv = "YES"
      savedToolIdentifier = ""
      useCustomWorkingDirectory = "NO"
      debugDocumentVersioning = "YES">
      <MacroExpansion>
         <BuildableReference
            BuildableIdentifier = "primary"
            BlueprintIdentifier = "38D392662582C55300FCAF70"
            BuildableName = "HackrNews.framework"
            BlueprintName = "HackrNews"
            ReferencedContainer = "container:HackrNews.xcodeproj">
         </BuildableReference>
      </MacroExpansion>
   </ProfileAction>
   <AnalyzeAction
      buildConfiguration = "Debug">
   </AnalyzeAction>
   <ArchiveAction
      buildConfiguration = "Release"
      revealArchiveInOrganizer = "YES">
   </ArchiveAction>
</Scheme>
