// !$*UTF8*$!
{
	archiveVersion = 1;
	classes = {
	};
	objectVersion = 52;
	objects = {

/* Begin PBXBuildFile section */
		380A6B0A26B2681600019409 /* CombineHelpers.swift in Sources */ = {isa = PBXBuildFile; fileRef = 380A6B0926B2681600019409 /* CombineHelpers.swift */; };
		3844E36525DF44B30030F9BB /* InMemoryFeedStore.swift in Sources */ = {isa = PBXBuildFile; fileRef = 3844E36425DF44B30030F9BB /* InMemoryFeedStore.swift */; };
		384B7BC025B4BD2800270EAC /* UITabBarController+Events.swift in Sources */ = {isa = PBXBuildFile; fileRef = 384B7BBF25B4BD2800270EAC /* UITabBarController+Events.swift */; };
		384B7BD625B4D91800270EAC /* StoryViewAdapter.swift in Sources */ = {isa = PBXBuildFile; fileRef = 384B7BD525B4D91800270EAC /* StoryViewAdapter.swift */; };
		384B7BDD25B4D9B200270EAC /* LoadResourcePresentationAdapter.swift in Sources */ = {isa = PBXBuildFile; fileRef = 384B7BDC25B4D9B200270EAC /* LoadResourcePresentationAdapter.swift */; };
		3864BFDE25951EB700FBAA13 /* SceneDelegateTests.swift in Sources */ = {isa = PBXBuildFile; fileRef = 3864BFDC25951EB700FBAA13 /* SceneDelegateTests.swift */; };
		386FE76C2592BAF7003D779F /* HackrNews.framework in Frameworks */ = {isa = PBXBuildFile; fileRef = 386FE76A2592BAF7003D779F /* HackrNews.framework */; };
		386FE76D2592BAF7003D779F /* HackrNews.framework in Embed Frameworks */ = {isa = PBXBuildFile; fileRef = 386FE76A2592BAF7003D779F /* HackrNews.framework */; settings = {ATTRIBUTES = (CodeSignOnCopy, RemoveHeadersOnCopy, ); }; };
		386FE76E2592BAF7003D779F /* HackrNewsiOS.framework in Frameworks */ = {isa = PBXBuildFile; fileRef = 386FE76B2592BAF7003D779F /* HackrNewsiOS.framework */; };
		386FE76F2592BAF7003D779F /* HackrNewsiOS.framework in Embed Frameworks */ = {isa = PBXBuildFile; fileRef = 386FE76B2592BAF7003D779F /* HackrNewsiOS.framework */; settings = {ATTRIBUTES = (CodeSignOnCopy, RemoveHeadersOnCopy, ); }; };
		38791EFC25D9BCD300581EF7 /* Shared+HackrNewsFeed.swift in Sources */ = {isa = PBXBuildFile; fileRef = 38791EFB25D9BCD300581EF7 /* Shared+HackrNewsFeed.swift */; };
		387A850125D4C87600D579C4 /* CommentCell+Helpers.swift in Sources */ = {isa = PBXBuildFile; fileRef = 387A850025D4C87600D579C4 /* CommentCell+Helpers.swift */; };
		387DB974272789EC0047158D /* HackrNewsFeedLoaderSpy.swift in Sources */ = {isa = PBXBuildFile; fileRef = 387DB973272789EC0047158D /* HackrNewsFeedLoaderSpy.swift */; };
		387DB97A27278F540047158D /* HackrNew+Fixture.swift in Sources */ = {isa = PBXBuildFile; fileRef = 387DB97927278F540047158D /* HackrNew+Fixture.swift */; };
		38882C73259A928D00A4D2D4 /* HackrNewsFeedUIComposer.swift in Sources */ = {isa = PBXBuildFile; fileRef = 38882C6F259A928D00A4D2D4 /* HackrNewsFeedUIComposer.swift */; };
		38882C75259A928D00A4D2D4 /* Icons.swift in Sources */ = {isa = PBXBuildFile; fileRef = 38882C70259A928D00A4D2D4 /* Icons.swift */; };
		38882C8B259A932A00A4D2D4 /* Story+Any.swift in Sources */ = {isa = PBXBuildFile; fileRef = 38882C86259A932A00A4D2D4 /* Story+Any.swift */; };
		38882C8C259A932A00A4D2D4 /* HackrNewsFeedViewController+TestHelpers.swift in Sources */ = {isa = PBXBuildFile; fileRef = 38882C87259A932A00A4D2D4 /* HackrNewsFeedViewController+TestHelpers.swift */; };
		38882C8E259A932A00A4D2D4 /* HackrNewsFeedViewControllerTests+Assertions.swift in Sources */ = {isa = PBXBuildFile; fileRef = 38882C89259A932A00A4D2D4 /* HackrNewsFeedViewControllerTests+Assertions.swift */; };
		38882C8F259A932A00A4D2D4 /* HackrNewFeedCell+TestHelpers.swift in Sources */ = {isa = PBXBuildFile; fileRef = 38882C8A259A932A00A4D2D4 /* HackrNewFeedCell+TestHelpers.swift */; };
		38882C95259A934C00A4D2D4 /* HackrNewsFeedUIKitIntegrationTests.swift in Sources */ = {isa = PBXBuildFile; fileRef = 38882C94259A934C00A4D2D4 /* HackrNewsFeedUIKitIntegrationTests.swift */; };
		38882CA1259A941100A4D2D4 /* UIControl+TestHelpers.swift in Sources */ = {isa = PBXBuildFile; fileRef = 38882CA0259A941100A4D2D4 /* UIControl+TestHelpers.swift */; };
		38882CAA259A944200A4D2D4 /* XCTestCase+MemoryLeaksTracking.swift in Sources */ = {isa = PBXBuildFile; fileRef = 38882CA9259A944200A4D2D4 /* XCTestCase+MemoryLeaksTracking.swift */; };
		38882CC5259A979600A4D2D4 /* HackrNewsAppAcceptanceTests.swift in Sources */ = {isa = PBXBuildFile; fileRef = 38882CC4259A979600A4D2D4 /* HackrNewsAppAcceptanceTests.swift */; };
		38882CCE259AA6E600A4D2D4 /* HTTPClientStub.swift in Sources */ = {isa = PBXBuildFile; fileRef = 38882CCD259AA6E600A4D2D4 /* HTTPClientStub.swift */; };
		388C5B102599676800045DB9 /* EndpointTests.swift in Sources */ = {isa = PBXBuildFile; fileRef = 388C5B0F2599676800045DB9 /* EndpointTests.swift */; };
		388C5B142599680500045DB9 /* Endpoint.swift in Sources */ = {isa = PBXBuildFile; fileRef = 388C5B132599680500045DB9 /* Endpoint.swift */; };
		389CFA7926B35114003240B5 /* StoryDeailsViewAdapter.swift in Sources */ = {isa = PBXBuildFile; fileRef = 389CFA7826B35114003240B5 /* StoryDeailsViewAdapter.swift */; };
		38AA471725E5F25700F1375F /* HackrNewsFeedViewController+Events.swift in Sources */ = {isa = PBXBuildFile; fileRef = 38AA471625E5F25700F1375F /* HackrNewsFeedViewController+Events.swift */; };
		38D71CA225C8A99100AB8DD1 /* StoryDetailsUIComposer.swift in Sources */ = {isa = PBXBuildFile; fileRef = 38D71CA125C8A99100AB8DD1 /* StoryDetailsUIComposer.swift */; };
		38D71CAA25C8A9F000AB8DD1 /* StoryDetailsUIIntegrationTests.swift in Sources */ = {isa = PBXBuildFile; fileRef = 38D71CA925C8A9F000AB8DD1 /* StoryDetailsUIIntegrationTests.swift */; };
		38D71CB225C8AA9800AB8DD1 /* StoryDetailsViewController+Helpers.swift in Sources */ = {isa = PBXBuildFile; fileRef = 38D71CB125C8AA9800AB8DD1 /* StoryDetailsViewController+Helpers.swift */; };
		38D71CB825C8AAEB00AB8DD1 /* Shared.swift in Sources */ = {isa = PBXBuildFile; fileRef = 38D71CB725C8AAEB00AB8DD1 /* Shared.swift */; };
		38F2AF7F27276CBB00AC3A22 /* HackrNewsFeedSwiftUIIntegrationTests.swift in Sources */ = {isa = PBXBuildFile; fileRef = 38F2AF7E27276CBB00AC3A22 /* HackrNewsFeedSwiftUIIntegrationTests.swift */; };
		38F68079259033C8002ED53A /* AppDelegate.swift in Sources */ = {isa = PBXBuildFile; fileRef = 38F68078259033C8002ED53A /* AppDelegate.swift */; };
		38F6807B259033C8002ED53A /* SceneDelegate.swift in Sources */ = {isa = PBXBuildFile; fileRef = 38F6807A259033C8002ED53A /* SceneDelegate.swift */; };
		38F68082259033C9002ED53A /* Assets.xcassets in Resources */ = {isa = PBXBuildFile; fileRef = 38F68081259033C9002ED53A /* Assets.xcassets */; };
		38F68085259033C9002ED53A /* LaunchScreen.storyboard in Resources */ = {isa = PBXBuildFile; fileRef = 38F68083259033C9002ED53A /* LaunchScreen.storyboard */; };
		38FED3AB25BE4A8B007FFA8C /* MainQueueDispatchDecorator.swift in Sources */ = {isa = PBXBuildFile; fileRef = 38FED3AA25BE4A8B007FFA8C /* MainQueueDispatchDecorator.swift */; };
		38FED3B425BE4AFA007FFA8C /* WeakRefVirtualProxy.swift in Sources */ = {isa = PBXBuildFile; fileRef = 38FED3B325BE4AFA007FFA8C /* WeakRefVirtualProxy.swift */; };
/* End PBXBuildFile section */

/* Begin PBXContainerItemProxy section */
		38F6808C259033C9002ED53A /* PBXContainerItemProxy */ = {
			isa = PBXContainerItemProxy;
			containerPortal = 38F6806D259033C8002ED53A /* Project object */;
			proxyType = 1;
			remoteGlobalIDString = 38F68074259033C8002ED53A;
			remoteInfo = HackrNewsApp;
		};
/* End PBXContainerItemProxy section */

/* Begin PBXCopyFilesBuildPhase section */
		386FE7702592BAF7003D779F /* Embed Frameworks */ = {
			isa = PBXCopyFilesBuildPhase;
			buildActionMask = 2147483647;
			dstPath = "";
			dstSubfolderSpec = 10;
			files = (
				386FE76D2592BAF7003D779F /* HackrNews.framework in Embed Frameworks */,
				386FE76F2592BAF7003D779F /* HackrNewsiOS.framework in Embed Frameworks */,
			);
			name = "Embed Frameworks";
			runOnlyForDeploymentPostprocessing = 0;
		};
/* End PBXCopyFilesBuildPhase section */

/* Begin PBXFileReference section */
		380A6B0926B2681600019409 /* CombineHelpers.swift */ = {isa = PBXFileReference; lastKnownFileType = sourcecode.swift; path = CombineHelpers.swift; sourceTree = "<group>"; };
		3844E36425DF44B30030F9BB /* InMemoryFeedStore.swift */ = {isa = PBXFileReference; lastKnownFileType = sourcecode.swift; path = InMemoryFeedStore.swift; sourceTree = "<group>"; };
		384B7BBF25B4BD2800270EAC /* UITabBarController+Events.swift */ = {isa = PBXFileReference; lastKnownFileType = sourcecode.swift; path = "UITabBarController+Events.swift"; sourceTree = "<group>"; };
		384B7BD525B4D91800270EAC /* StoryViewAdapter.swift */ = {isa = PBXFileReference; lastKnownFileType = sourcecode.swift; path = StoryViewAdapter.swift; sourceTree = "<group>"; };
		384B7BDC25B4D9B200270EAC /* LoadResourcePresentationAdapter.swift */ = {isa = PBXFileReference; lastKnownFileType = sourcecode.swift; path = LoadResourcePresentationAdapter.swift; sourceTree = "<group>"; };
		3864BFDC25951EB700FBAA13 /* SceneDelegateTests.swift */ = {isa = PBXFileReference; lastKnownFileType = sourcecode.swift; path = SceneDelegateTests.swift; sourceTree = "<group>"; };
		386FE76A2592BAF7003D779F /* HackrNews.framework */ = {isa = PBXFileReference; explicitFileType = wrapper.framework; path = HackrNews.framework; sourceTree = BUILT_PRODUCTS_DIR; };
		386FE76B2592BAF7003D779F /* HackrNewsiOS.framework */ = {isa = PBXFileReference; explicitFileType = wrapper.framework; path = HackrNewsiOS.framework; sourceTree = BUILT_PRODUCTS_DIR; };
		38791EFB25D9BCD300581EF7 /* Shared+HackrNewsFeed.swift */ = {isa = PBXFileReference; lastKnownFileType = sourcecode.swift; path = "Shared+HackrNewsFeed.swift"; sourceTree = "<group>"; };
		387A850025D4C87600D579C4 /* CommentCell+Helpers.swift */ = {isa = PBXFileReference; lastKnownFileType = sourcecode.swift; path = "CommentCell+Helpers.swift"; sourceTree = "<group>"; };
		387DB973272789EC0047158D /* HackrNewsFeedLoaderSpy.swift */ = {isa = PBXFileReference; lastKnownFileType = sourcecode.swift; path = HackrNewsFeedLoaderSpy.swift; sourceTree = "<group>"; };
		387DB97927278F540047158D /* HackrNew+Fixture.swift */ = {isa = PBXFileReference; lastKnownFileType = sourcecode.swift; path = "HackrNew+Fixture.swift"; sourceTree = "<group>"; };
		38882C6F259A928D00A4D2D4 /* HackrNewsFeedUIComposer.swift */ = {isa = PBXFileReference; lastKnownFileType = sourcecode.swift; path = HackrNewsFeedUIComposer.swift; sourceTree = "<group>"; };
		38882C70259A928D00A4D2D4 /* Icons.swift */ = {isa = PBXFileReference; lastKnownFileType = sourcecode.swift; path = Icons.swift; sourceTree = "<group>"; };
		38882C86259A932A00A4D2D4 /* Story+Any.swift */ = {isa = PBXFileReference; fileEncoding = 4; lastKnownFileType = sourcecode.swift; path = "Story+Any.swift"; sourceTree = "<group>"; };
		38882C87259A932A00A4D2D4 /* HackrNewsFeedViewController+TestHelpers.swift */ = {isa = PBXFileReference; fileEncoding = 4; lastKnownFileType = sourcecode.swift; path = "HackrNewsFeedViewController+TestHelpers.swift"; sourceTree = "<group>"; };
		38882C89259A932A00A4D2D4 /* HackrNewsFeedViewControllerTests+Assertions.swift */ = {isa = PBXFileReference; fileEncoding = 4; lastKnownFileType = sourcecode.swift; path = "HackrNewsFeedViewControllerTests+Assertions.swift"; sourceTree = "<group>"; };
		38882C8A259A932A00A4D2D4 /* HackrNewFeedCell+TestHelpers.swift */ = {isa = PBXFileReference; fileEncoding = 4; lastKnownFileType = sourcecode.swift; path = "HackrNewFeedCell+TestHelpers.swift"; sourceTree = "<group>"; };
		38882C94259A934C00A4D2D4 /* HackrNewsFeedUIKitIntegrationTests.swift */ = {isa = PBXFileReference; fileEncoding = 4; lastKnownFileType = sourcecode.swift; path = HackrNewsFeedUIKitIntegrationTests.swift; sourceTree = "<group>"; };
		38882CA0259A941100A4D2D4 /* UIControl+TestHelpers.swift */ = {isa = PBXFileReference; fileEncoding = 4; lastKnownFileType = sourcecode.swift; path = "UIControl+TestHelpers.swift"; sourceTree = "<group>"; };
		38882CA9259A944200A4D2D4 /* XCTestCase+MemoryLeaksTracking.swift */ = {isa = PBXFileReference; lastKnownFileType = sourcecode.swift; path = "XCTestCase+MemoryLeaksTracking.swift"; sourceTree = "<group>"; };
		38882CC4259A979600A4D2D4 /* HackrNewsAppAcceptanceTests.swift */ = {isa = PBXFileReference; lastKnownFileType = sourcecode.swift; path = HackrNewsAppAcceptanceTests.swift; sourceTree = "<group>"; };
		38882CCD259AA6E600A4D2D4 /* HTTPClientStub.swift */ = {isa = PBXFileReference; lastKnownFileType = sourcecode.swift; path = HTTPClientStub.swift; sourceTree = "<group>"; };
		388C5B0F2599676800045DB9 /* EndpointTests.swift */ = {isa = PBXFileReference; lastKnownFileType = sourcecode.swift; path = EndpointTests.swift; sourceTree = "<group>"; };
		388C5B132599680500045DB9 /* Endpoint.swift */ = {isa = PBXFileReference; lastKnownFileType = sourcecode.swift; path = Endpoint.swift; sourceTree = "<group>"; };
		389CFA7826B35114003240B5 /* StoryDeailsViewAdapter.swift */ = {isa = PBXFileReference; lastKnownFileType = sourcecode.swift; path = StoryDeailsViewAdapter.swift; sourceTree = "<group>"; };
		38AA471625E5F25700F1375F /* HackrNewsFeedViewController+Events.swift */ = {isa = PBXFileReference; lastKnownFileType = sourcecode.swift; path = "HackrNewsFeedViewController+Events.swift"; sourceTree = "<group>"; };
		38D71CA125C8A99100AB8DD1 /* StoryDetailsUIComposer.swift */ = {isa = PBXFileReference; lastKnownFileType = sourcecode.swift; path = StoryDetailsUIComposer.swift; sourceTree = "<group>"; };
		38D71CA925C8A9F000AB8DD1 /* StoryDetailsUIIntegrationTests.swift */ = {isa = PBXFileReference; fileEncoding = 4; lastKnownFileType = sourcecode.swift; path = StoryDetailsUIIntegrationTests.swift; sourceTree = "<group>"; };
		38D71CB125C8AA9800AB8DD1 /* StoryDetailsViewController+Helpers.swift */ = {isa = PBXFileReference; fileEncoding = 4; lastKnownFileType = sourcecode.swift; path = "StoryDetailsViewController+Helpers.swift"; sourceTree = "<group>"; };
		38D71CB725C8AAEB00AB8DD1 /* Shared.swift */ = {isa = PBXFileReference; lastKnownFileType = sourcecode.swift; path = Shared.swift; sourceTree = "<group>"; };
		38F2AF7E27276CBB00AC3A22 /* HackrNewsFeedSwiftUIIntegrationTests.swift */ = {isa = PBXFileReference; lastKnownFileType = sourcecode.swift; path = HackrNewsFeedSwiftUIIntegrationTests.swift; sourceTree = "<group>"; };
		38F68075259033C8002ED53A /* HackrNewsApp.app */ = {isa = PBXFileReference; explicitFileType = wrapper.application; includeInIndex = 0; path = HackrNewsApp.app; sourceTree = BUILT_PRODUCTS_DIR; };
		38F68078259033C8002ED53A /* AppDelegate.swift */ = {isa = PBXFileReference; lastKnownFileType = sourcecode.swift; path = AppDelegate.swift; sourceTree = "<group>"; };
		38F6807A259033C8002ED53A /* SceneDelegate.swift */ = {isa = PBXFileReference; lastKnownFileType = sourcecode.swift; path = SceneDelegate.swift; sourceTree = "<group>"; };
		38F68081259033C9002ED53A /* Assets.xcassets */ = {isa = PBXFileReference; lastKnownFileType = folder.assetcatalog; path = Assets.xcassets; sourceTree = "<group>"; };
		38F68084259033C9002ED53A /* Base */ = {isa = PBXFileReference; lastKnownFileType = file.storyboard; name = Base; path = Base.lproj/LaunchScreen.storyboard; sourceTree = "<group>"; };
		38F68086259033C9002ED53A /* Info.plist */ = {isa = PBXFileReference; lastKnownFileType = text.plist.xml; path = Info.plist; sourceTree = "<group>"; };
		38F6808B259033C9002ED53A /* HackrNewsAppTests.xctest */ = {isa = PBXFileReference; explicitFileType = wrapper.cfbundle; includeInIndex = 0; path = HackrNewsAppTests.xctest; sourceTree = BUILT_PRODUCTS_DIR; };
		38F68091259033C9002ED53A /* Info.plist */ = {isa = PBXFileReference; lastKnownFileType = text.plist.xml; path = Info.plist; sourceTree = "<group>"; };
		38FED3AA25BE4A8B007FFA8C /* MainQueueDispatchDecorator.swift */ = {isa = PBXFileReference; lastKnownFileType = sourcecode.swift; path = MainQueueDispatchDecorator.swift; sourceTree = "<group>"; };
		38FED3B325BE4AFA007FFA8C /* WeakRefVirtualProxy.swift */ = {isa = PBXFileReference; lastKnownFileType = sourcecode.swift; path = WeakRefVirtualProxy.swift; sourceTree = "<group>"; };
/* End PBXFileReference section */

/* Begin PBXFrameworksBuildPhase section */
		38F68072259033C8002ED53A /* Frameworks */ = {
			isa = PBXFrameworksBuildPhase;
			buildActionMask = 2147483647;
			files = (
				386FE76C2592BAF7003D779F /* HackrNews.framework in Frameworks */,
				386FE76E2592BAF7003D779F /* HackrNewsiOS.framework in Frameworks */,
			);
			runOnlyForDeploymentPostprocessing = 0;
		};
		38F68088259033C9002ED53A /* Frameworks */ = {
			isa = PBXFrameworksBuildPhase;
			buildActionMask = 2147483647;
			files = (
			);
			runOnlyForDeploymentPostprocessing = 0;
		};
/* End PBXFrameworksBuildPhase section */

/* Begin PBXGroup section */
		384B7BD025B4D8C000270EAC /* Feed */ = {
			isa = PBXGroup;
			children = (
				387DB97527278CFB0047158D /* SwiftUI */,
				387DB97627278D000047158D /* UIKit */,
			);
			path = Feed;
			sourceTree = "<group>";
		};
		384B7BE125B4DA9100270EAC /* App */ = {
			isa = PBXGroup;
			children = (
				38F68078259033C8002ED53A /* AppDelegate.swift */,
				38F6807A259033C8002ED53A /* SceneDelegate.swift */,
				380A6B0926B2681600019409 /* CombineHelpers.swift */,
			);
			path = App;
			sourceTree = "<group>";
		};
		386FE7692592BAF7003D779F /* Frameworks */ = {
			isa = PBXGroup;
			children = (
				386FE76A2592BAF7003D779F /* HackrNews.framework */,
				386FE76B2592BAF7003D779F /* HackrNewsiOS.framework */,
			);
			name = Frameworks;
			sourceTree = "<group>";
		};
		387DB97527278CFB0047158D /* SwiftUI */ = {
			isa = PBXGroup;
			children = (
			);
			path = SwiftUI;
			sourceTree = "<group>";
		};
		387DB97627278D000047158D /* UIKit */ = {
			isa = PBXGroup;
			children = (
				38882C6F259A928D00A4D2D4 /* HackrNewsFeedUIComposer.swift */,
				384B7BD525B4D91800270EAC /* StoryViewAdapter.swift */,
			);
			path = UIKit;
			sourceTree = "<group>";
		};
		38882C84259A92FD00A4D2D4 /* Feed */ = {
			isa = PBXGroup;
			children = (
				38882C85259A930800A4D2D4 /* Helpers */,
				38882C94259A934C00A4D2D4 /* HackrNewsFeedUIKitIntegrationTests.swift */,
				38F2AF7E27276CBB00AC3A22 /* HackrNewsFeedSwiftUIIntegrationTests.swift */,
			);
			path = Feed;
			sourceTree = "<group>";
		};
		38882C85259A930800A4D2D4 /* Helpers */ = {
			isa = PBXGroup;
			children = (
				38791EFB25D9BCD300581EF7 /* Shared+HackrNewsFeed.swift */,
				38882C8A259A932A00A4D2D4 /* HackrNewFeedCell+TestHelpers.swift */,
				38882C87259A932A00A4D2D4 /* HackrNewsFeedViewController+TestHelpers.swift */,
				38882C89259A932A00A4D2D4 /* HackrNewsFeedViewControllerTests+Assertions.swift */,
				38882C86259A932A00A4D2D4 /* Story+Any.swift */,
				387DB973272789EC0047158D /* HackrNewsFeedLoaderSpy.swift */,
				387DB97927278F540047158D /* HackrNew+Fixture.swift */,
			);
			path = Helpers;
			sourceTree = "<group>";
		};
		38882C9F259A940600A4D2D4 /* Helpers */ = {
			isa = PBXGroup;
			children = (
				38D71CB725C8AAEB00AB8DD1 /* Shared.swift */,
				38882CA9259A944200A4D2D4 /* XCTestCase+MemoryLeaksTracking.swift */,
				38882CA0259A941100A4D2D4 /* UIControl+TestHelpers.swift */,
			);
			path = Helpers;
			sourceTree = "<group>";
		};
		38882CC3259A976D00A4D2D4 /* Hackr News Acceptance Tests */ = {
			isa = PBXGroup;
			children = (
				38882CCC259AA6DB00A4D2D4 /* Helpers */,
				38882CC4259A979600A4D2D4 /* HackrNewsAppAcceptanceTests.swift */,
			);
			path = "Hackr News Acceptance Tests";
			sourceTree = "<group>";
		};
		38882CCC259AA6DB00A4D2D4 /* Helpers */ = {
			isa = PBXGroup;
			children = (
				38882CCD259AA6E600A4D2D4 /* HTTPClientStub.swift */,
				384B7BBF25B4BD2800270EAC /* UITabBarController+Events.swift */,
				38AA471625E5F25700F1375F /* HackrNewsFeedViewController+Events.swift */,
				3844E36425DF44B30030F9BB /* InMemoryFeedStore.swift */,
			);
			path = Helpers;
			sourceTree = "<group>";
		};
		389CFA7726B30E1D003240B5 /* Shared */ = {
			isa = PBXGroup;
			children = (
				384B7BDC25B4D9B200270EAC /* LoadResourcePresentationAdapter.swift */,
			);
			path = Shared;
			sourceTree = "<group>";
		};
		38D71CA025C8A96200AB8DD1 /* Story Details */ = {
			isa = PBXGroup;
			children = (
				38D71CA125C8A99100AB8DD1 /* StoryDetailsUIComposer.swift */,
				389CFA7826B35114003240B5 /* StoryDeailsViewAdapter.swift */,
			);
			path = "Story Details";
			sourceTree = "<group>";
		};
		38D71CA825C8A9D800AB8DD1 /* Story Details */ = {
			isa = PBXGroup;
			children = (
				38D71CB025C8AA9100AB8DD1 /* Helpers */,
				38D71CA925C8A9F000AB8DD1 /* StoryDetailsUIIntegrationTests.swift */,
			);
			path = "Story Details";
			sourceTree = "<group>";
		};
		38D71CB025C8AA9100AB8DD1 /* Helpers */ = {
			isa = PBXGroup;
			children = (
				38D71CB125C8AA9800AB8DD1 /* StoryDetailsViewController+Helpers.swift */,
				387A850025D4C87600D579C4 /* CommentCell+Helpers.swift */,
			);
			path = Helpers;
			sourceTree = "<group>";
		};
		38F6806C259033C8002ED53A = {
			isa = PBXGroup;
			children = (
				38F68077259033C8002ED53A /* HackrNewsApp */,
				38F6808E259033C9002ED53A /* HackrNewsAppTests */,
				38F68076259033C8002ED53A /* Products */,
				386FE7692592BAF7003D779F /* Frameworks */,
			);
			sourceTree = "<group>";
		};
		38F68076259033C8002ED53A /* Products */ = {
			isa = PBXGroup;
			children = (
				38F68075259033C8002ED53A /* HackrNewsApp.app */,
				38F6808B259033C9002ED53A /* HackrNewsAppTests.xctest */,
			);
			name = Products;
			sourceTree = "<group>";
		};
		38F68077259033C8002ED53A /* HackrNewsApp */ = {
			isa = PBXGroup;
			children = (
				384B7BE125B4DA9100270EAC /* App */,
				38FED3A925BE4A71007FFA8C /* Common */,
				389CFA7726B30E1D003240B5 /* Shared */,
				384B7BD025B4D8C000270EAC /* Feed */,
				38D71CA025C8A96200AB8DD1 /* Story Details */,
				38F68081259033C9002ED53A /* Assets.xcassets */,
				38F68083259033C9002ED53A /* LaunchScreen.storyboard */,
				38F68086259033C9002ED53A /* Info.plist */,
			);
			path = HackrNewsApp;
			sourceTree = "<group>";
		};
		38F6808E259033C9002ED53A /* HackrNewsAppTests */ = {
			isa = PBXGroup;
			children = (
				38882C9F259A940600A4D2D4 /* Helpers */,
				38882CC3259A976D00A4D2D4 /* Hackr News Acceptance Tests */,
				38882C84259A92FD00A4D2D4 /* Feed */,
				38D71CA825C8A9D800AB8DD1 /* Story Details */,
				388C5B0F2599676800045DB9 /* EndpointTests.swift */,
				3864BFDC25951EB700FBAA13 /* SceneDelegateTests.swift */,
				38F68091259033C9002ED53A /* Info.plist */,
			);
			path = HackrNewsAppTests;
			sourceTree = "<group>";
		};
		38FED3A925BE4A71007FFA8C /* Common */ = {
			isa = PBXGroup;
			children = (
				38882C70259A928D00A4D2D4 /* Icons.swift */,
				388C5B132599680500045DB9 /* Endpoint.swift */,
				38FED3AA25BE4A8B007FFA8C /* MainQueueDispatchDecorator.swift */,
				38FED3B325BE4AFA007FFA8C /* WeakRefVirtualProxy.swift */,
			);
			path = Common;
			sourceTree = "<group>";
		};
/* End PBXGroup section */

/* Begin PBXNativeTarget section */
		38F68074259033C8002ED53A /* HackrNewsApp */ = {
			isa = PBXNativeTarget;
			buildConfigurationList = 38F6809F259033C9002ED53A /* Build configuration list for PBXNativeTarget "HackrNewsApp" */;
			buildPhases = (
				38F68071259033C8002ED53A /* Sources */,
				38F68072259033C8002ED53A /* Frameworks */,
				38F68073259033C8002ED53A /* Resources */,
				386FE7702592BAF7003D779F /* Embed Frameworks */,
			);
			buildRules = (
			);
			dependencies = (
			);
			name = HackrNewsApp;
			productName = HackrNewsApp;
			productReference = 38F68075259033C8002ED53A /* HackrNewsApp.app */;
			productType = "com.apple.product-type.application";
		};
		38F6808A259033C9002ED53A /* HackrNewsAppTests */ = {
			isa = PBXNativeTarget;
			buildConfigurationList = 38F680A2259033C9002ED53A /* Build configuration list for PBXNativeTarget "HackrNewsAppTests" */;
			buildPhases = (
				38F68087259033C9002ED53A /* Sources */,
				38F68088259033C9002ED53A /* Frameworks */,
				38F68089259033C9002ED53A /* Resources */,
			);
			buildRules = (
			);
			dependencies = (
				38F6808D259033C9002ED53A /* PBXTargetDependency */,
			);
			name = HackrNewsAppTests;
			productName = HackrNewsAppTests;
			productReference = 38F6808B259033C9002ED53A /* HackrNewsAppTests.xctest */;
			productType = "com.apple.product-type.bundle.unit-test";
		};
/* End PBXNativeTarget section */

/* Begin PBXProject section */
		38F6806D259033C8002ED53A /* Project object */ = {
			isa = PBXProject;
			attributes = {
				LastSwiftUpdateCheck = 1230;
				LastUpgradeCheck = 1230;
				ORGANIZATIONNAME = "Jesús Alfredo Hernández Alarcón";
				TargetAttributes = {
					38F68074259033C8002ED53A = {
						CreatedOnToolsVersion = 12.3;
					};
					38F6808A259033C9002ED53A = {
						CreatedOnToolsVersion = 12.3;
						TestTargetID = 38F68074259033C8002ED53A;
					};
				};
			};
			buildConfigurationList = 38F68070259033C8002ED53A /* Build configuration list for PBXProject "HackrNewsApp" */;
			compatibilityVersion = "Xcode 11.0";
			developmentRegion = en;
			hasScannedForEncodings = 0;
			knownRegions = (
				en,
				Base,
			);
			mainGroup = 38F6806C259033C8002ED53A;
			productRefGroup = 38F68076259033C8002ED53A /* Products */;
			projectDirPath = "";
			projectRoot = "";
			targets = (
				38F68074259033C8002ED53A /* HackrNewsApp */,
				38F6808A259033C9002ED53A /* HackrNewsAppTests */,
			);
		};
/* End PBXProject section */

/* Begin PBXResourcesBuildPhase section */
		38F68073259033C8002ED53A /* Resources */ = {
			isa = PBXResourcesBuildPhase;
			buildActionMask = 2147483647;
			files = (
				38F68085259033C9002ED53A /* LaunchScreen.storyboard in Resources */,
				38F68082259033C9002ED53A /* Assets.xcassets in Resources */,
			);
			runOnlyForDeploymentPostprocessing = 0;
		};
		38F68089259033C9002ED53A /* Resources */ = {
			isa = PBXResourcesBuildPhase;
			buildActionMask = 2147483647;
			files = (
			);
			runOnlyForDeploymentPostprocessing = 0;
		};
/* End PBXResourcesBuildPhase section */

/* Begin PBXSourcesBuildPhase section */
		38F68071259033C8002ED53A /* Sources */ = {
			isa = PBXSourcesBuildPhase;
			buildActionMask = 2147483647;
			files = (
				38882C75259A928D00A4D2D4 /* Icons.swift in Sources */,
				384B7BDD25B4D9B200270EAC /* LoadResourcePresentationAdapter.swift in Sources */,
				38F68079259033C8002ED53A /* AppDelegate.swift in Sources */,
				38FED3AB25BE4A8B007FFA8C /* MainQueueDispatchDecorator.swift in Sources */,
				389CFA7926B35114003240B5 /* StoryDeailsViewAdapter.swift in Sources */,
				380A6B0A26B2681600019409 /* CombineHelpers.swift in Sources */,
				38882C73259A928D00A4D2D4 /* HackrNewsFeedUIComposer.swift in Sources */,
				384B7BD625B4D91800270EAC /* StoryViewAdapter.swift in Sources */,
				38F6807B259033C8002ED53A /* SceneDelegate.swift in Sources */,
				38D71CA225C8A99100AB8DD1 /* StoryDetailsUIComposer.swift in Sources */,
				38FED3B425BE4AFA007FFA8C /* WeakRefVirtualProxy.swift in Sources */,
				388C5B142599680500045DB9 /* Endpoint.swift in Sources */,
			);
			runOnlyForDeploymentPostprocessing = 0;
		};
		38F68087259033C9002ED53A /* Sources */ = {
			isa = PBXSourcesBuildPhase;
			buildActionMask = 2147483647;
			files = (
				387A850125D4C87600D579C4 /* CommentCell+Helpers.swift in Sources */,
				38882CCE259AA6E600A4D2D4 /* HTTPClientStub.swift in Sources */,
				38882C8C259A932A00A4D2D4 /* HackrNewsFeedViewController+TestHelpers.swift in Sources */,
				38791EFC25D9BCD300581EF7 /* Shared+HackrNewsFeed.swift in Sources */,
				388C5B102599676800045DB9 /* EndpointTests.swift in Sources */,
				38882CC5259A979600A4D2D4 /* HackrNewsAppAcceptanceTests.swift in Sources */,
				387DB97A27278F540047158D /* HackrNew+Fixture.swift in Sources */,
				384B7BC025B4BD2800270EAC /* UITabBarController+Events.swift in Sources */,
				38882CA1259A941100A4D2D4 /* UIControl+TestHelpers.swift in Sources */,
				38D71CB225C8AA9800AB8DD1 /* StoryDetailsViewController+Helpers.swift in Sources */,
				38882C8B259A932A00A4D2D4 /* Story+Any.swift in Sources */,
				38D71CB825C8AAEB00AB8DD1 /* Shared.swift in Sources */,
				38D71CAA25C8A9F000AB8DD1 /* StoryDetailsUIIntegrationTests.swift in Sources */,
				38882CAA259A944200A4D2D4 /* XCTestCase+MemoryLeaksTracking.swift in Sources */,
				38AA471725E5F25700F1375F /* HackrNewsFeedViewController+Events.swift in Sources */,
				38882C8E259A932A00A4D2D4 /* HackrNewsFeedViewControllerTests+Assertions.swift in Sources */,
				387DB974272789EC0047158D /* HackrNewsFeedLoaderSpy.swift in Sources */,
				38882C8F259A932A00A4D2D4 /* HackrNewFeedCell+TestHelpers.swift in Sources */,
				38F2AF7F27276CBB00AC3A22 /* HackrNewsFeedSwiftUIIntegrationTests.swift in Sources */,
				3864BFDE25951EB700FBAA13 /* SceneDelegateTests.swift in Sources */,
				38882C95259A934C00A4D2D4 /* HackrNewsFeedUIKitIntegrationTests.swift in Sources */,
				3844E36525DF44B30030F9BB /* InMemoryFeedStore.swift in Sources */,
			);
			runOnlyForDeploymentPostprocessing = 0;
		};
/* End PBXSourcesBuildPhase section */

/* Begin PBXTargetDependency section */
		38F6808D259033C9002ED53A /* PBXTargetDependency */ = {
			isa = PBXTargetDependency;
			target = 38F68074259033C8002ED53A /* HackrNewsApp */;
			targetProxy = 38F6808C259033C9002ED53A /* PBXContainerItemProxy */;
		};
/* End PBXTargetDependency section */

/* Begin PBXVariantGroup section */
		38F68083259033C9002ED53A /* LaunchScreen.storyboard */ = {
			isa = PBXVariantGroup;
			children = (
				38F68084259033C9002ED53A /* Base */,
			);
			name = LaunchScreen.storyboard;
			sourceTree = "<group>";
		};
/* End PBXVariantGroup section */

/* Begin XCBuildConfiguration section */
		38F6809D259033C9002ED53A /* Debug */ = {
			isa = XCBuildConfiguration;
			buildSettings = {
				ALWAYS_SEARCH_USER_PATHS = NO;
				CLANG_ANALYZER_NONNULL = YES;
				CLANG_ANALYZER_NUMBER_OBJECT_CONVERSION = YES_AGGRESSIVE;
				CLANG_CXX_LANGUAGE_STANDARD = "gnu++14";
				CLANG_CXX_LIBRARY = "libc++";
				CLANG_ENABLE_MODULES = YES;
				CLANG_ENABLE_OBJC_ARC = YES;
				CLANG_ENABLE_OBJC_WEAK = YES;
				CLANG_WARN_BLOCK_CAPTURE_AUTORELEASING = YES;
				CLANG_WARN_BOOL_CONVERSION = YES;
				CLANG_WARN_COMMA = YES;
				CLANG_WARN_CONSTANT_CONVERSION = YES;
				CLANG_WARN_DEPRECATED_OBJC_IMPLEMENTATIONS = YES;
				CLANG_WARN_DIRECT_OBJC_ISA_USAGE = YES_ERROR;
				CLANG_WARN_DOCUMENTATION_COMMENTS = YES;
				CLANG_WARN_EMPTY_BODY = YES;
				CLANG_WARN_ENUM_CONVERSION = YES;
				CLANG_WARN_INFINITE_RECURSION = YES;
				CLANG_WARN_INT_CONVERSION = YES;
				CLANG_WARN_NON_LITERAL_NULL_CONVERSION = YES;
				CLANG_WARN_OBJC_IMPLICIT_RETAIN_SELF = YES;
				CLANG_WARN_OBJC_LITERAL_CONVERSION = YES;
				CLANG_WARN_OBJC_ROOT_CLASS = YES_ERROR;
				CLANG_WARN_QUOTED_INCLUDE_IN_FRAMEWORK_HEADER = YES;
				CLANG_WARN_RANGE_LOOP_ANALYSIS = YES;
				CLANG_WARN_STRICT_PROTOTYPES = YES;
				CLANG_WARN_SUSPICIOUS_MOVE = YES;
				CLANG_WARN_UNGUARDED_AVAILABILITY = YES_AGGRESSIVE;
				CLANG_WARN_UNREACHABLE_CODE = YES;
				CLANG_WARN__DUPLICATE_METHOD_MATCH = YES;
				COPY_PHASE_STRIP = NO;
				DEBUG_INFORMATION_FORMAT = dwarf;
				ENABLE_STRICT_OBJC_MSGSEND = YES;
				ENABLE_TESTABILITY = YES;
				GCC_C_LANGUAGE_STANDARD = gnu11;
				GCC_DYNAMIC_NO_PIC = NO;
				GCC_NO_COMMON_BLOCKS = YES;
				GCC_OPTIMIZATION_LEVEL = 0;
				GCC_PREPROCESSOR_DEFINITIONS = (
					"DEBUG=1",
					"$(inherited)",
				);
				GCC_WARN_64_TO_32_BIT_CONVERSION = YES;
				GCC_WARN_ABOUT_RETURN_TYPE = YES_ERROR;
				GCC_WARN_UNDECLARED_SELECTOR = YES;
				GCC_WARN_UNINITIALIZED_AUTOS = YES_AGGRESSIVE;
				GCC_WARN_UNUSED_FUNCTION = YES;
				GCC_WARN_UNUSED_VARIABLE = YES;
				IPHONEOS_DEPLOYMENT_TARGET = 15.0;
				MTL_ENABLE_DEBUG_INFO = INCLUDE_SOURCE;
				MTL_FAST_MATH = YES;
				ONLY_ACTIVE_ARCH = YES;
				SDKROOT = iphoneos;
				SWIFT_ACTIVE_COMPILATION_CONDITIONS = DEBUG;
				SWIFT_OPTIMIZATION_LEVEL = "-Onone";
			};
			name = Debug;
		};
		38F6809E259033C9002ED53A /* Release */ = {
			isa = XCBuildConfiguration;
			buildSettings = {
				ALWAYS_SEARCH_USER_PATHS = NO;
				CLANG_ANALYZER_NONNULL = YES;
				CLANG_ANALYZER_NUMBER_OBJECT_CONVERSION = YES_AGGRESSIVE;
				CLANG_CXX_LANGUAGE_STANDARD = "gnu++14";
				CLANG_CXX_LIBRARY = "libc++";
				CLANG_ENABLE_MODULES = YES;
				CLANG_ENABLE_OBJC_ARC = YES;
				CLANG_ENABLE_OBJC_WEAK = YES;
				CLANG_WARN_BLOCK_CAPTURE_AUTORELEASING = YES;
				CLANG_WARN_BOOL_CONVERSION = YES;
				CLANG_WARN_COMMA = YES;
				CLANG_WARN_CONSTANT_CONVERSION = YES;
				CLANG_WARN_DEPRECATED_OBJC_IMPLEMENTATIONS = YES;
				CLANG_WARN_DIRECT_OBJC_ISA_USAGE = YES_ERROR;
				CLANG_WARN_DOCUMENTATION_COMMENTS = YES;
				CLANG_WARN_EMPTY_BODY = YES;
				CLANG_WARN_ENUM_CONVERSION = YES;
				CLANG_WARN_INFINITE_RECURSION = YES;
				CLANG_WARN_INT_CONVERSION = YES;
				CLANG_WARN_NON_LITERAL_NULL_CONVERSION = YES;
				CLANG_WARN_OBJC_IMPLICIT_RETAIN_SELF = YES;
				CLANG_WARN_OBJC_LITERAL_CONVERSION = YES;
				CLANG_WARN_OBJC_ROOT_CLASS = YES_ERROR;
				CLANG_WARN_QUOTED_INCLUDE_IN_FRAMEWORK_HEADER = YES;
				CLANG_WARN_RANGE_LOOP_ANALYSIS = YES;
				CLANG_WARN_STRICT_PROTOTYPES = YES;
				CLANG_WARN_SUSPICIOUS_MOVE = YES;
				CLANG_WARN_UNGUARDED_AVAILABILITY = YES_AGGRESSIVE;
				CLANG_WARN_UNREACHABLE_CODE = YES;
				CLANG_WARN__DUPLICATE_METHOD_MATCH = YES;
				COPY_PHASE_STRIP = NO;
				DEBUG_INFORMATION_FORMAT = "dwarf-with-dsym";
				ENABLE_NS_ASSERTIONS = NO;
				ENABLE_STRICT_OBJC_MSGSEND = YES;
				GCC_C_LANGUAGE_STANDARD = gnu11;
				GCC_NO_COMMON_BLOCKS = YES;
				GCC_WARN_64_TO_32_BIT_CONVERSION = YES;
				GCC_WARN_ABOUT_RETURN_TYPE = YES_ERROR;
				GCC_WARN_UNDECLARED_SELECTOR = YES;
				GCC_WARN_UNINITIALIZED_AUTOS = YES_AGGRESSIVE;
				GCC_WARN_UNUSED_FUNCTION = YES;
				GCC_WARN_UNUSED_VARIABLE = YES;
				IPHONEOS_DEPLOYMENT_TARGET = 15.0;
				MTL_ENABLE_DEBUG_INFO = NO;
				MTL_FAST_MATH = YES;
				SDKROOT = iphoneos;
				SWIFT_COMPILATION_MODE = wholemodule;
				SWIFT_OPTIMIZATION_LEVEL = "-O";
				VALIDATE_PRODUCT = YES;
			};
			name = Release;
		};
		38F680A0259033C9002ED53A /* Debug */ = {
			isa = XCBuildConfiguration;
			buildSettings = {
				ASSETCATALOG_COMPILER_APPICON_NAME = AppIcon;
				ASSETCATALOG_COMPILER_GLOBAL_ACCENT_COLOR_NAME = AccentColor;
				CODE_SIGN_IDENTITY = "Apple Development";
				CODE_SIGN_STYLE = Automatic;
				DEVELOPMENT_TEAM = HS399QXLRD;
				INFOPLIST_FILE = HackrNewsApp/Info.plist;
				IPHONEOS_DEPLOYMENT_TARGET = 15.0;
				LD_RUNPATH_SEARCH_PATHS = (
					"$(inherited)",
					"@executable_path/Frameworks",
				);
				MARKETING_VERSION = 0.4.0;
				PRODUCT_BUNDLE_IDENTIFIER = io.alfredohdz.HackrNewsApp;
				PRODUCT_NAME = "$(TARGET_NAME)";
				PROVISIONING_PROFILE_SPECIFIER = "";
				SWIFT_VERSION = 5.0;
				TARGETED_DEVICE_FAMILY = "1,2";
			};
			name = Debug;
		};
		38F680A1259033C9002ED53A /* Release */ = {
			isa = XCBuildConfiguration;
			buildSettings = {
				ASSETCATALOG_COMPILER_APPICON_NAME = AppIcon;
				ASSETCATALOG_COMPILER_GLOBAL_ACCENT_COLOR_NAME = AccentColor;
				CODE_SIGN_IDENTITY = "Apple Development";
				CODE_SIGN_STYLE = Automatic;
				DEVELOPMENT_TEAM = HS399QXLRD;
				INFOPLIST_FILE = HackrNewsApp/Info.plist;
				IPHONEOS_DEPLOYMENT_TARGET = 15.0;
				LD_RUNPATH_SEARCH_PATHS = (
					"$(inherited)",
					"@executable_path/Frameworks",
				);
				MARKETING_VERSION = 0.4.0;
				PRODUCT_BUNDLE_IDENTIFIER = io.alfredohdz.HackrNewsApp;
				PRODUCT_NAME = "$(TARGET_NAME)";
				PROVISIONING_PROFILE_SPECIFIER = "";
				SWIFT_VERSION = 5.0;
				TARGETED_DEVICE_FAMILY = "1,2";
			};
			name = Release;
		};
		38F680A3259033C9002ED53A /* Debug */ = {
			isa = XCBuildConfiguration;
			buildSettings = {
				ALWAYS_EMBED_SWIFT_STANDARD_LIBRARIES = YES;
				BUNDLE_LOADER = "$(TEST_HOST)";
				CODE_SIGN_STYLE = Automatic;
				DEVELOPMENT_TEAM = HS399QXLRD;
				INFOPLIST_FILE = HackrNewsAppTests/Info.plist;
				IPHONEOS_DEPLOYMENT_TARGET = 15.0;
				LD_RUNPATH_SEARCH_PATHS = (
					"$(inherited)",
					"@executable_path/Frameworks",
					"@loader_path/Frameworks",
				);
				PRODUCT_BUNDLE_IDENTIFIER = com.alfredohdz.HackrNewsAppTests;
				PRODUCT_NAME = "$(TARGET_NAME)";
				SWIFT_VERSION = 5.0;
				TARGETED_DEVICE_FAMILY = "1,2";
				TEST_HOST = "$(BUILT_PRODUCTS_DIR)/HackrNewsApp.app/HackrNewsApp";
			};
			name = Debug;
		};
		38F680A4259033C9002ED53A /* Release */ = {
			isa = XCBuildConfiguration;
			buildSettings = {
				ALWAYS_EMBED_SWIFT_STANDARD_LIBRARIES = YES;
				BUNDLE_LOADER = "$(TEST_HOST)";
				CODE_SIGN_STYLE = Automatic;
				DEVELOPMENT_TEAM = HS399QXLRD;
				INFOPLIST_FILE = HackrNewsAppTests/Info.plist;
				IPHONEOS_DEPLOYMENT_TARGET = 15.0;
				LD_RUNPATH_SEARCH_PATHS = (
					"$(inherited)",
					"@executable_path/Frameworks",
					"@loader_path/Frameworks",
				);
				PRODUCT_BUNDLE_IDENTIFIER = com.alfredohdz.HackrNewsAppTests;
				PRODUCT_NAME = "$(TARGET_NAME)";
				SWIFT_VERSION = 5.0;
				TARGETED_DEVICE_FAMILY = "1,2";
				TEST_HOST = "$(BUILT_PRODUCTS_DIR)/HackrNewsApp.app/HackrNewsApp";
			};
			name = Release;
		};
/* End XCBuildConfiguration section */

/* Begin XCConfigurationList section */
		38F68070259033C8002ED53A /* Build configuration list for PBXProject "HackrNewsApp" */ = {
			isa = XCConfigurationList;
			buildConfigurations = (
				38F6809D259033C9002ED53A /* Debug */,
				38F6809E259033C9002ED53A /* Release */,
			);
			defaultConfigurationIsVisible = 0;
			defaultConfigurationName = Release;
		};
		38F6809F259033C9002ED53A /* Build configuration list for PBXNativeTarget "HackrNewsApp" */ = {
			isa = XCConfigurationList;
			buildConfigurations = (
				38F680A0259033C9002ED53A /* Debug */,
				38F680A1259033C9002ED53A /* Release */,
			);
			defaultConfigurationIsVisible = 0;
			defaultConfigurationName = Release;
		};
		38F680A2259033C9002ED53A /* Build configuration list for PBXNativeTarget "HackrNewsAppTests" */ = {
			isa = XCConfigurationList;
			buildConfigurations = (
				38F680A3259033C9002ED53A /* Debug */,
				38F680A4259033C9002ED53A /* Release */,
			);
			defaultConfigurationIsVisible = 0;
			defaultConfigurationName = Release;
		};
/* End XCConfigurationList section */
	};
	rootObject = 38F6806D259033C8002ED53A /* Project object */;
}
